
Microsoft Visual Studio Solution File, Format Version 12.00
# Visual Studio 14
VisualStudioVersion = 14.0.23107.0
MinimumVisualStudioVersion = 10.0.40219.1
Project("{FAE04EC0-301F-11D3-BF4B-00C04F79EFBC}") = "feeder", "feeder\feeder.csproj", "{C474D036-C020-47B7-9BDE-74A0FBF2820F}"
EndProject
Global
	GlobalSection(SolutionConfigurationPlatforms) = preSolution
		Debug|Any CPU = Debug|Any CPU
		Release|Any CPU = Release|Any CPU
	EndGlobalSection
	GlobalSection(ProjectConfigurationPlatforms) = postSolution
		{C474D036-C020-47B7-9BDE-74A0FBF2820F}.Debug|Any CPU.ActiveCfg = Debug|Any CPU
		{C474D036-C020-47B7-9BDE-74A0FBF2820F}.Debug|Any CPU.Build.0 = Debug|Any CPU
		{C474D036-C020-47B7-9BDE-74A0FBF2820F}.Release|Any CPU.ActiveCfg = Release|Any CPU
		{C474D036-C020-47B7-9BDE-74A0FBF2820F}.Release|Any CPU.Build.0 = Release|Any CPU
	EndGlobalSection
	GlobalSection(SolutionProperties) = preSolution
		HideSolutionNode = FALSE
	EndGlobalSection
EndGlobal
